// !$*UTF8*$!
{
	archiveVersion = 1;
	classes = {
	};
	objectVersion = 50;
	objects = {

/* Begin PBXBuildFile section */
		8619CA7D21F37166000BEE0B /* AppDelegate.swift in Sources */ = {isa = PBXBuildFile; fileRef = 8619CA7C21F37166000BEE0B /* AppDelegate.swift */; };
		8619CA7F21F37166000BEE0B /* ViewController.swift in Sources */ = {isa = PBXBuildFile; fileRef = 8619CA7E21F37166000BEE0B /* ViewController.swift */; };
		8619CA8221F37166000BEE0B /* Main.storyboard in Resources */ = {isa = PBXBuildFile; fileRef = 8619CA8021F37166000BEE0B /* Main.storyboard */; };
		8619CA8421F37168000BEE0B /* Assets.xcassets in Resources */ = {isa = PBXBuildFile; fileRef = 8619CA8321F37168000BEE0B /* Assets.xcassets */; };
		8619CA8721F37168000BEE0B /* LaunchScreen.storyboard in Resources */ = {isa = PBXBuildFile; fileRef = 8619CA8521F37168000BEE0B /* LaunchScreen.storyboard */; };
		8619CA9221F37168000BEE0B /* HolaTests.swift in Sources */ = {isa = PBXBuildFile; fileRef = 8619CA9121F37168000BEE0B /* HolaTests.swift */; };
		8619CA9D21F37168000BEE0B /* HolaUITests.swift in Sources */ = {isa = PBXBuildFile; fileRef = 8619CA9C21F37168000BEE0B /* HolaUITests.swift */; };
/* End PBXBuildFile section */

/* Begin PBXContainerItemProxy section */
		8619CA8E21F37168000BEE0B /* PBXContainerItemProxy */ = {
			isa = PBXContainerItemProxy;
			containerPortal = 8619CA7121F37166000BEE0B /* Project object */;
			proxyType = 1;
			remoteGlobalIDString = 8619CA7821F37166000BEE0B;
			remoteInfo = Hola;
		};
		8619CA9921F37168000BEE0B /* PBXContainerItemProxy */ = {
			isa = PBXContainerItemProxy;
			containerPortal = 8619CA7121F37166000BEE0B /* Project object */;
			proxyType = 1;
			remoteGlobalIDString = 8619CA7821F37166000BEE0B;
			remoteInfo = Hola;
		};
/* End PBXContainerItemProxy section */

/* Begin PBXFileReference section */
		8619CA7921F37166000BEE0B /* Hola.app */ = {isa = PBXFileReference; explicitFileType = wrapper.application; includeInIndex = 0; path = Hola.app; sourceTree = BUILT_PRODUCTS_DIR; };
		8619CA7C21F37166000BEE0B /* AppDelegate.swift */ = {isa = PBXFileReference; lastKnownFileType = sourcecode.swift; path = AppDelegate.swift; sourceTree = "<group>"; };
		8619CA7E21F37166000BEE0B /* ViewController.swift */ = {isa = PBXFileReference; lastKnownFileType = sourcecode.swift; path = ViewController.swift; sourceTree = "<group>"; };
		8619CA8121F37166000BEE0B /* Base */ = {isa = PBXFileReference; lastKnownFileType = file.storyboard; name = Base; path = Base.lproj/Main.storyboard; sourceTree = "<group>"; };
		8619CA8321F37168000BEE0B /* Assets.xcassets */ = {isa = PBXFileReference; lastKnownFileType = folder.assetcatalog; path = Assets.xcassets; sourceTree = "<group>"; };
		8619CA8621F37168000BEE0B /* Base */ = {isa = PBXFileReference; lastKnownFileType = file.storyboard; name = Base; path = Base.lproj/LaunchScreen.storyboard; sourceTree = "<group>"; };
		8619CA8821F37168000BEE0B /* Info.plist */ = {isa = PBXFileReference; lastKnownFileType = text.plist.xml; path = Info.plist; sourceTree = "<group>"; };
		8619CA8D21F37168000BEE0B /* HolaTests.xctest */ = {isa = PBXFileReference; explicitFileType = wrapper.cfbundle; includeInIndex = 0; path = HolaTests.xctest; sourceTree = BUILT_PRODUCTS_DIR; };
		8619CA9121F37168000BEE0B /* HolaTests.swift */ = {isa = PBXFileReference; lastKnownFileType = sourcecode.swift; path = HolaTests.swift; sourceTree = "<group>"; };
		8619CA9321F37168000BEE0B /* Info.plist */ = {isa = PBXFileReference; lastKnownFileType = text.plist.xml; path = Info.plist; sourceTree = "<group>"; };
		8619CA9821F37168000BEE0B /* HolaUITests.xctest */ = {isa = PBXFileReference; explicitFileType = wrapper.cfbundle; includeInIndex = 0; path = HolaUITests.xctest; sourceTree = BUILT_PRODUCTS_DIR; };
		8619CA9C21F37168000BEE0B /* HolaUITests.swift */ = {isa = PBXFileReference; lastKnownFileType = sourcecode.swift; path = HolaUITests.swift; sourceTree = "<group>"; };
		8619CA9E21F37168000BEE0B /* Info.plist */ = {isa = PBXFileReference; lastKnownFileType = text.plist.xml; path = Info.plist; sourceTree = "<group>"; };
/* End PBXFileReference section */

/* Begin PBXFrameworksBuildPhase section */
		8619CA7621F37166000BEE0B /* Frameworks */ = {
			isa = PBXFrameworksBuildPhase;
			buildActionMask = 2147483647;
			files = (
			);
			runOnlyForDeploymentPostprocessing = 0;
		};
		8619CA8A21F37168000BEE0B /* Frameworks */ = {
			isa = PBXFrameworksBuildPhase;
			buildActionMask = 2147483647;
			files = (
			);
			runOnlyForDeploymentPostprocessing = 0;
		};
		8619CA9521F37168000BEE0B /* Frameworks */ = {
			isa = PBXFrameworksBuildPhase;
			buildActionMask = 2147483647;
			files = (
			);
			runOnlyForDeploymentPostprocessing = 0;
		};
/* End PBXFrameworksBuildPhase section */

/* Begin PBXGroup section */
		8619CA7021F37166000BEE0B = {
			isa = PBXGroup;
			children = (
				8619CA7B21F37166000BEE0B /* Hola */,
				8619CA9021F37168000BEE0B /* HolaTests */,
				8619CA9B21F37168000BEE0B /* HolaUITests */,
				8619CA7A21F37166000BEE0B /* Products */,
			);
			sourceTree = "<group>";
		};
		8619CA7A21F37166000BEE0B /* Products */ = {
			isa = PBXGroup;
			children = (
				8619CA7921F37166000BEE0B /* Hola.app */,
				8619CA8D21F37168000BEE0B /* HolaTests.xctest */,
				8619CA9821F37168000BEE0B /* HolaUITests.xctest */,
			);
			name = Products;
			sourceTree = "<group>";
		};
		8619CA7B21F37166000BEE0B /* Hola */ = {
			isa = PBXGroup;
			children = (
				8619CA7C21F37166000BEE0B /* AppDelegate.swift */,
				8619CA7E21F37166000BEE0B /* ViewController.swift */,
				8619CA8021F37166000BEE0B /* Main.storyboard */,
				8619CA8321F37168000BEE0B /* Assets.xcassets */,
				8619CA8521F37168000BEE0B /* LaunchScreen.storyboard */,
				8619CA8821F37168000BEE0B /* Info.plist */,
			);
			path = Hola;
			sourceTree = "<group>";
		};
		8619CA9021F37168000BEE0B /* HolaTests */ = {
			isa = PBXGroup;
			children = (
				8619CA9121F37168000BEE0B /* HolaTests.swift */,
				8619CA9321F37168000BEE0B /* Info.plist */,
			);
			path = HolaTests;
			sourceTree = "<group>";
		};
		8619CA9B21F37168000BEE0B /* HolaUITests */ = {
			isa = PBXGroup;
			children = (
				8619CA9C21F37168000BEE0B /* HolaUITests.swift */,
				8619CA9E21F37168000BEE0B /* Info.plist */,
			);
			path = HolaUITests;
			sourceTree = "<group>";
		};
/* End PBXGroup section */

/* Begin PBXNativeTarget section */
		8619CA7821F37166000BEE0B /* Hola */ = {
			isa = PBXNativeTarget;
			buildConfigurationList = 8619CAA121F37168000BEE0B /* Build configuration list for PBXNativeTarget "Hola" */;
			buildPhases = (
				8619CA7521F37166000BEE0B /* Sources */,
				8619CA7621F37166000BEE0B /* Frameworks */,
				8619CA7721F37166000BEE0B /* Resources */,
			);
			buildRules = (
			);
			dependencies = (
			);
			name = Hola;
			productName = Hola;
			productReference = 8619CA7921F37166000BEE0B /* Hola.app */;
			productType = "com.apple.product-type.application";
		};
		8619CA8C21F37168000BEE0B /* HolaTests */ = {
			isa = PBXNativeTarget;
			buildConfigurationList = 8619CAA421F37168000BEE0B /* Build configuration list for PBXNativeTarget "HolaTests" */;
			buildPhases = (
				8619CA8921F37168000BEE0B /* Sources */,
				8619CA8A21F37168000BEE0B /* Frameworks */,
				8619CA8B21F37168000BEE0B /* Resources */,
			);
			buildRules = (
			);
			dependencies = (
				8619CA8F21F37168000BEE0B /* PBXTargetDependency */,
			);
			name = HolaTests;
			productName = HolaTests;
			productReference = 8619CA8D21F37168000BEE0B /* HolaTests.xctest */;
			productType = "com.apple.product-type.bundle.unit-test";
		};
		8619CA9721F37168000BEE0B /* HolaUITests */ = {
			isa = PBXNativeTarget;
			buildConfigurationList = 8619CAA721F37168000BEE0B /* Build configuration list for PBXNativeTarget "HolaUITests" */;
			buildPhases = (
				8619CA9421F37168000BEE0B /* Sources */,
				8619CA9521F37168000BEE0B /* Frameworks */,
				8619CA9621F37168000BEE0B /* Resources */,
			);
			buildRules = (
			);
			dependencies = (
				8619CA9A21F37168000BEE0B /* PBXTargetDependency */,
			);
			name = HolaUITests;
			productName = HolaUITests;
			productReference = 8619CA9821F37168000BEE0B /* HolaUITests.xctest */;
			productType = "com.apple.product-type.bundle.ui-testing";
		};
/* End PBXNativeTarget section */

/* Begin PBXProject section */
		8619CA7121F37166000BEE0B /* Project object */ = {
			isa = PBXProject;
			attributes = {
				LastSwiftUpdateCheck = 1010;
				LastUpgradeCheck = 1010;
				ORGANIZATIONNAME = bykike;
				TargetAttributes = {
					8619CA7821F37166000BEE0B = {
						CreatedOnToolsVersion = 10.1;
					};
					8619CA8C21F37168000BEE0B = {
						CreatedOnToolsVersion = 10.1;
						TestTargetID = 8619CA7821F37166000BEE0B;
					};
					8619CA9721F37168000BEE0B = {
						CreatedOnToolsVersion = 10.1;
						TestTargetID = 8619CA7821F37166000BEE0B;
					};
				};
			};
			buildConfigurationList = 8619CA7421F37166000BEE0B /* Build configuration list for PBXProject "Hola" */;
			compatibilityVersion = "Xcode 9.3";
			developmentRegion = en;
			hasScannedForEncodings = 0;
			knownRegions = (
				en,
				Base,
			);
			mainGroup = 8619CA7021F37166000BEE0B;
			productRefGroup = 8619CA7A21F37166000BEE0B /* Products */;
			projectDirPath = "";
			projectRoot = "";
			targets = (
				8619CA7821F37166000BEE0B /* Hola */,
				8619CA8C21F37168000BEE0B /* HolaTests */,
				8619CA9721F37168000BEE0B /* HolaUITests */,
			);
		};
/* End PBXProject section */

/* Begin PBXResourcesBuildPhase section */
		8619CA7721F37166000BEE0B /* Resources */ = {
			isa = PBXResourcesBuildPhase;
			buildActionMask = 2147483647;
			files = (
				8619CA8721F37168000BEE0B /* LaunchScreen.storyboard in Resources */,
				8619CA8421F37168000BEE0B /* Assets.xcassets in Resources */,
				8619CA8221F37166000BEE0B /* Main.storyboard in Resources */,
			);
			runOnlyForDeploymentPostprocessing = 0;
		};
		8619CA8B21F37168000BEE0B /* Resources */ = {
			isa = PBXResourcesBuildPhase;
			buildActionMask = 2147483647;
			files = (
			);
			runOnlyForDeploymentPostprocessing = 0;
		};
		8619CA9621F37168000BEE0B /* Resources */ = {
			isa = PBXResourcesBuildPhase;
			buildActionMask = 2147483647;
			files = (
			);
			runOnlyForDeploymentPostprocessing = 0;
		};
/* End PBXResourcesBuildPhase section */

/* Begin PBXSourcesBuildPhase section */
		8619CA7521F37166000BEE0B /* Sources */ = {
			isa = PBXSourcesBuildPhase;
			buildActionMask = 2147483647;
			files = (
				8619CA7F21F37166000BEE0B /* ViewController.swift in Sources */,
				8619CA7D21F37166000BEE0B /* AppDelegate.swift in Sources */,
			);
			runOnlyForDeploymentPostprocessing = 0;
		};
		8619CA8921F37168000BEE0B /* Sources */ = {
			isa = PBXSourcesBuildPhase;
			buildActionMask = 2147483647;
			files = (
				8619CA9221F37168000BEE0B /* HolaTests.swift in Sources */,
			);
			runOnlyForDeploymentPostprocessing = 0;
		};
		8619CA9421F37168000BEE0B /* Sources */ = {
			isa = PBXSourcesBuildPhase;
			buildActionMask = 2147483647;
			files = (
				8619CA9D21F37168000BEE0B /* HolaUITests.swift in Sources */,
			);
			runOnlyForDeploymentPostprocessing = 0;
		};
/* End PBXSourcesBuildPhase section */

/* Begin PBXTargetDependency section */
		8619CA8F21F37168000BEE0B /* PBXTargetDependency */ = {
			isa = PBXTargetDependency;
			target = 8619CA7821F37166000BEE0B /* Hola */;
			targetProxy = 8619CA8E21F37168000BEE0B /* PBXContainerItemProxy */;
		};
		8619CA9A21F37168000BEE0B /* PBXTargetDependency */ = {
			isa = PBXTargetDependency;
			target = 8619CA7821F37166000BEE0B /* Hola */;
			targetProxy = 8619CA9921F37168000BEE0B /* PBXContainerItemProxy */;
		};
/* End PBXTargetDependency section */

/* Begin PBXVariantGroup section */
		8619CA8021F37166000BEE0B /* Main.storyboard */ = {
			isa = PBXVariantGroup;
			children = (
				8619CA8121F37166000BEE0B /* Base */,
			);
			name = Main.storyboard;
			sourceTree = "<group>";
		};
		8619CA8521F37168000BEE0B /* LaunchScreen.storyboard */ = {
			isa = PBXVariantGroup;
			children = (
				8619CA8621F37168000BEE0B /* Base */,
			);
			name = LaunchScreen.storyboard;
			sourceTree = "<group>";
		};
/* End PBXVariantGroup section */

/* Begin XCBuildConfiguration section */
		8619CA9F21F37168000BEE0B /* Debug */ = {
			isa = XCBuildConfiguration;
			buildSettings = {
				ALWAYS_SEARCH_USER_PATHS = NO;
				CLANG_ANALYZER_NONNULL = YES;
				CLANG_ANALYZER_NUMBER_OBJECT_CONVERSION = YES_AGGRESSIVE;
				CLANG_CXX_LANGUAGE_STANDARD = "gnu++14";
				CLANG_CXX_LIBRARY = "libc++";
				CLANG_ENABLE_MODULES = YES;
				CLANG_ENABLE_OBJC_ARC = YES;
				CLANG_ENABLE_OBJC_WEAK = YES;
				CLANG_WARN_BLOCK_CAPTURE_AUTORELEASING = YES;
				CLANG_WARN_BOOL_CONVERSION = YES;
				CLANG_WARN_COMMA = YES;
				CLANG_WARN_CONSTANT_CONVERSION = YES;
				CLANG_WARN_DEPRECATED_OBJC_IMPLEMENTATIONS = YES;
				CLANG_WARN_DIRECT_OBJC_ISA_USAGE = YES_ERROR;
				CLANG_WARN_DOCUMENTATION_COMMENTS = YES;
				CLANG_WARN_EMPTY_BODY = YES;
				CLANG_WARN_ENUM_CONVERSION = YES;
				CLANG_WARN_INFINITE_RECURSION = YES;
				CLANG_WARN_INT_CONVERSION = YES;
				CLANG_WARN_NON_LITERAL_NULL_CONVERSION = YES;
				CLANG_WARN_OBJC_IMPLICIT_RETAIN_SELF = YES;
				CLANG_WARN_OBJC_LITERAL_CONVERSION = YES;
				CLANG_WARN_OBJC_ROOT_CLASS = YES_ERROR;
				CLANG_WARN_RANGE_LOOP_ANALYSIS = YES;
				CLANG_WARN_STRICT_PROTOTYPES = YES;
				CLANG_WARN_SUSPICIOUS_MOVE = YES;
				CLANG_WARN_UNGUARDED_AVAILABILITY = YES_AGGRESSIVE;
				CLANG_WARN_UNREACHABLE_CODE = YES;
				CLANG_WARN__DUPLICATE_METHOD_MATCH = YES;
				CODE_SIGN_IDENTITY = "iPhone Developer";
				COPY_PHASE_STRIP = NO;
				DEBUG_INFORMATION_FORMAT = dwarf;
				ENABLE_STRICT_OBJC_MSGSEND = YES;
				ENABLE_TESTABILITY = YES;
				GCC_C_LANGUAGE_STANDARD = gnu11;
				GCC_DYNAMIC_NO_PIC = NO;
				GCC_NO_COMMON_BLOCKS = YES;
				GCC_OPTIMIZATION_LEVEL = 0;
				GCC_PREPROCESSOR_DEFINITIONS = (
					"DEBUG=1",
					"$(inherited)",
				);
				GCC_WARN_64_TO_32_BIT_CONVERSION = YES;
				GCC_WARN_ABOUT_RETURN_TYPE = YES_ERROR;
				GCC_WARN_UNDECLARED_SELECTOR = YES;
				GCC_WARN_UNINITIALIZED_AUTOS = YES_AGGRESSIVE;
				GCC_WARN_UNUSED_FUNCTION = YES;
				GCC_WARN_UNUSED_VARIABLE = YES;
				IPHONEOS_DEPLOYMENT_TARGET = 12.1;
				MTL_ENABLE_DEBUG_INFO = INCLUDE_SOURCE;
				MTL_FAST_MATH = YES;
				ONLY_ACTIVE_ARCH = YES;
				SDKROOT = iphoneos;
				SWIFT_ACTIVE_COMPILATION_CONDITIONS = DEBUG;
				SWIFT_OPTIMIZATION_LEVEL = "-Onone";
			};
			name = Debug;
		};
		8619CAA021F37168000BEE0B /* Release */ = {
			isa = XCBuildConfiguration;
			buildSettings = {
				ALWAYS_SEARCH_USER_PATHS = NO;
				CLANG_ANALYZER_NONNULL = YES;
				CLANG_ANALYZER_NUMBER_OBJECT_CONVERSION = YES_AGGRESSIVE;
				CLANG_CXX_LANGUAGE_STANDARD = "gnu++14";
				CLANG_CXX_LIBRARY = "libc++";
				CLANG_ENABLE_MODULES = YES;
				CLANG_ENABLE_OBJC_ARC = YES;
				CLANG_ENABLE_OBJC_WEAK = YES;
				CLANG_WARN_BLOCK_CAPTURE_AUTORELEASING = YES;
				CLANG_WARN_BOOL_CONVERSION = YES;
				CLANG_WARN_COMMA = YES;
				CLANG_WARN_CONSTANT_CONVERSION = YES;
				CLANG_WARN_DEPRECATED_OBJC_IMPLEMENTATIONS = YES;
				CLANG_WARN_DIRECT_OBJC_ISA_USAGE = YES_ERROR;
				CLANG_WARN_DOCUMENTATION_COMMENTS = YES;
				CLANG_WARN_EMPTY_BODY = YES;
				CLANG_WARN_ENUM_CONVERSION = YES;
				CLANG_WARN_INFINITE_RECURSION = YES;
				CLANG_WARN_INT_CONVERSION = YES;
				CLANG_WARN_NON_LITERAL_NULL_CONVERSION = YES;
				CLANG_WARN_OBJC_IMPLICIT_RETAIN_SELF = YES;
				CLANG_WARN_OBJC_LITERAL_CONVERSION = YES;
				CLANG_WARN_OBJC_ROOT_CLASS = YES_ERROR;
				CLANG_WARN_RANGE_LOOP_ANALYSIS = YES;
				CLANG_WARN_STRICT_PROTOTYPES = YES;
				CLANG_WARN_SUSPICIOUS_MOVE = YES;
				CLANG_WARN_UNGUARDED_AVAILABILITY = YES_AGGRESSIVE;
				CLANG_WARN_UNREACHABLE_CODE = YES;
				CLANG_WARN__DUPLICATE_METHOD_MATCH = YES;
				CODE_SIGN_IDENTITY = "iPhone Developer";
				COPY_PHASE_STRIP = NO;
				DEBUG_INFORMATION_FORMAT = "dwarf-with-dsym";
				ENABLE_NS_ASSERTIONS = NO;
				ENABLE_STRICT_OBJC_MSGSEND = YES;
				GCC_C_LANGUAGE_STANDARD = gnu11;
				GCC_NO_COMMON_BLOCKS = YES;
				GCC_WARN_64_TO_32_BIT_CONVERSION = YES;
				GCC_WARN_ABOUT_RETURN_TYPE = YES_ERROR;
				GCC_WARN_UNDECLARED_SELECTOR = YES;
				GCC_WARN_UNINITIALIZED_AUTOS = YES_AGGRESSIVE;
				GCC_WARN_UNUSED_FUNCTION = YES;
				GCC_WARN_UNUSED_VARIABLE = YES;
				IPHONEOS_DEPLOYMENT_TARGET = 12.1;
				MTL_ENABLE_DEBUG_INFO = NO;
				MTL_FAST_MATH = YES;
				SDKROOT = iphoneos;
				SWIFT_COMPILATION_MODE = wholemodule;
				SWIFT_OPTIMIZATION_LEVEL = "-O";
				VALIDATE_PRODUCT = YES;
			};
			name = Release;
		};
		8619CAA221F37168000BEE0B /* Debug */ = {
			isa = XCBuildConfiguration;
			buildSettings = {
				ASSETCATALOG_COMPILER_APPICON_NAME = AppIcon;
				CODE_SIGN_STYLE = Automatic;
				INFOPLIST_FILE = Hola/Info.plist;
				LD_RUNPATH_SEARCH_PATHS = (
					"$(inherited)",
					"@executable_path/Frameworks",
				);
				PRODUCT_BUNDLE_IDENTIFIER = Home.Hola;
				PRODUCT_NAME = "$(TARGET_NAME)";
				SWIFT_VERSION = 4.2;
				TARGETED_DEVICE_FAMILY = "1,2";
			};
			name = Debug;
		};
		8619CAA321F37168000BEE0B /* Release */ = {
			isa = XCBuildConfiguration;
			buildSettings = {
				ASSETCATALOG_COMPILER_APPICON_NAME = AppIcon;
				CODE_SIGN_STYLE = Automatic;
				INFOPLIST_FILE = Hola/Info.plist;
				LD_RUNPATH_SEARCH_PATHS = (
					"$(inherited)",
					"@executable_path/Frameworks",
				);
				PRODUCT_BUNDLE_IDENTIFIER = Home.Hola;
				PRODUCT_NAME = "$(TARGET_NAME)";
				SWIFT_VERSION = 4.2;
				TARGETED_DEVICE_FAMILY = "1,2";
			};
			name = Release;
		};
		8619CAA521F37168000BEE0B /* Debug */ = {
			isa = XCBuildConfiguration;
			buildSettings = {
				ALWAYS_EMBED_SWIFT_STANDARD_LIBRARIES = YES;
				BUNDLE_LOADER = "$(TEST_HOST)";
				CODE_SIGN_STYLE = Automatic;
				INFOPLIST_FILE = HolaTests/Info.plist;
				LD_RUNPATH_SEARCH_PATHS = (
					"$(inherited)",
					"@executable_path/Frameworks",
					"@loader_path/Frameworks",
				);
				PRODUCT_BUNDLE_IDENTIFIER = Home.HolaTests;
				PRODUCT_NAME = "$(TARGET_NAME)";
				SWIFT_VERSION = 4.2;
				TARGETED_DEVICE_FAMILY = "1,2";
				TEST_HOST = "$(BUILT_PRODUCTS_DIR)/Hola.app/Hola";
			};
			name = Debug;
		};
		8619CAA621F37168000BEE0B /* Release */ = {
			isa = XCBuildConfiguration;
			buildSettings = {
				ALWAYS_EMBED_SWIFT_STANDARD_LIBRARIES = YES;
				BUNDLE_LOADER = "$(TEST_HOST)";
				CODE_SIGN_STYLE = Automatic;
				INFOPLIST_FILE = HolaTests/Info.plist;
				LD_RUNPATH_SEARCH_PATHS = (
					"$(inherited)",
					"@executable_path/Frameworks",
					"@loader_path/Frameworks",
				);
				PRODUCT_BUNDLE_IDENTIFIER = Home.HolaTests;
				PRODUCT_NAME = "$(TARGET_NAME)";
				SWIFT_VERSION = 4.2;
				TARGETED_DEVICE_FAMILY = "1,2";
				TEST_HOST = "$(BUILT_PRODUCTS_DIR)/Hola.app/Hola";
			};
			name = Release;
		};
		8619CAA821F37168000BEE0B /* Debug */ = {
			isa = XCBuildConfiguration;
			buildSettings = {
				ALWAYS_EMBED_SWIFT_STANDARD_LIBRARIES = YES;
				CODE_SIGN_STYLE = Automatic;
				INFOPLIST_FILE = HolaUITests/Info.plist;
				LD_RUNPATH_SEARCH_PATHS = (
					"$(inherited)",
					"@executable_path/Frameworks",
					"@loader_path/Frameworks",
				);
				PRODUCT_BUNDLE_IDENTIFIER = Home.HolaUITests;
				PRODUCT_NAME = "$(TARGET_NAME)";
				SWIFT_VERSION = 4.2;
				TARGETED_DEVICE_FAMILY = "1,2";
				TEST_TARGET_NAME = Hola;
			};
			name = Debug;
		};
		8619CAA921F37168000BEE0B /* Release */ = {
			isa = XCBuildConfiguration;
			buildSettings = {
				ALWAYS_EMBED_SWIFT_STANDARD_LIBRARIES = YES;
				CODE_SIGN_STYLE = Automatic;
				INFOPLIST_FILE = HolaUITests/Info.plist;
				LD_RUNPATH_SEARCH_PATHS = (
					"$(inherited)",
					"@executable_path/Frameworks",
					"@loader_path/Frameworks",
				);
				PRODUCT_BUNDLE_IDENTIFIER = Home.HolaUITests;
				PRODUCT_NAME = "$(TARGET_NAME)";
				SWIFT_VERSION = 4.2;
				TARGETED_DEVICE_FAMILY = "1,2";
				TEST_TARGET_NAME = Hola;
			};
			name = Release;
		};
/* End XCBuildConfiguration section */

/* Begin XCConfigurationList section */
		8619CA7421F37166000BEE0B /* Build configuration list for PBXProject "Hola" */ = {
			isa = XCConfigurationList;
			buildConfigurations = (
				8619CA9F21F37168000BEE0B /* Debug */,
				8619CAA021F37168000BEE0B /* Release */,
			);
			defaultConfigurationIsVisible = 0;
			defaultConfigurationName = Release;
		};
		8619CAA121F37168000BEE0B /* Build configuration list for PBXNativeTarget "Hola" */ = {
			isa = XCConfigurationList;
			buildConfigurations = (
				8619CAA221F37168000BEE0B /* Debug */,
				8619CAA321F37168000BEE0B /* Release */,
			);
			defaultConfigurationIsVisible = 0;
			defaultConfigurationName = Release;
		};
		8619CAA421F37168000BEE0B /* Build configuration list for PBXNativeTarget "HolaTests" */ = {
			isa = XCConfigurationList;
			buildConfigurations = (
				8619CAA521F37168000BEE0B /* Debug */,
				8619CAA621F37168000BEE0B /* Release */,
			);
			defaultConfigurationIsVisible = 0;
			defaultConfigurationName = Release;
		};
		8619CAA721F37168000BEE0B /* Build configuration list for PBXNativeTarget "HolaUITests" */ = {
			isa = XCConfigurationList;
			buildConfigurations = (
				8619CAA821F37168000BEE0B /* Debug */,
				8619CAA921F37168000BEE0B /* Release */,
			);
			defaultConfigurationIsVisible = 0;
			defaultConfigurationName = Release;
		};
/* End XCConfigurationList section */
	};
	rootObject = 8619CA7121F37166000BEE0B /* Project object */;
}
